
Microsoft Visual Studio Solution File, Format Version 12.00
# Visual Studio 2013
VisualStudioVersion = 12.0.21005.1
MinimumVisualStudioVersion = 10.0.40219.1
Project("{2150E333-8FDC-42A3-9474-1A3956D46DE8}") = "1.0实体", "1.0实体", "{35917E57-B29C-4DCE-9074-8039BC91E558}"
EndProject
Project("{2150E333-8FDC-42A3-9474-1A3956D46DE8}") = "0.0框架", "0.0框架", "{C99C8EF8-93BE-4D95-A8B7-A336B78E1C6E}"
EndProject
Project("{2150E333-8FDC-42A3-9474-1A3956D46DE8}") = "2.0业务逻辑层", "2.0业务逻辑层", "{63D95477-EB84-479C-8821-C3D1E8B2309E}"
EndProject
Project("{2150E333-8FDC-42A3-9474-1A3956D46DE8}") = "4.0UI层", "4.0UI层", "{359A10AE-47ED-4123-B882-C8F896FA9CAE}"
EndProject
Project("{FAE04EC0-301F-11D3-BF4B-00C04F79EFBC}") = "FrameWork", "FrameWork\FrameWork.csproj", "{DD3F7A82-D288-47C5-A5D3-5FB12AF485BB}"
EndProject
Project("{FAE04EC0-301F-11D3-BF4B-00C04F79EFBC}") = "JZ.Service", "JZ.Service\JZ.Service.csproj", "{99060089-D1B1-4138-A374-7C3AB4164430}"
EndProject
Project("{FAE04EC0-301F-11D3-BF4B-00C04F79EFBC}") = "JZ.Client", "JZ.Client\JZ.Client.csproj", "{547FE35F-19F4-47C4-8906-B1C12E10E6F6}"
EndProject
Project("{2150E333-8FDC-42A3-9474-1A3956D46DE8}") = "5.0单元测试", "5.0单元测试", "{652469EA-31B5-4B14-A565-99AD46AC2FF1}"
EndProject
Project("{FAE04EC0-301F-11D3-BF4B-00C04F79EFBC}") = "JZ.Test", "JZ.Test\JZ.Test.csproj", "{5AE066E2-03EB-4988-8671-AAFF57B0B143}"
EndProject
Project("{FAE04EC0-301F-11D3-BF4B-00C04F79EFBC}") = "JZ.Model", "JZ.Model\JZ.Model.csproj", "{657F563F-813F-485A-BEBA-AD079C0D4BBA}"
EndProject
Project("{2150E333-8FDC-42A3-9474-1A3956D46DE8}") = "3.0接口服务层", "3.0接口服务层", "{D464135B-EB3F-4CA2-B4BE-7D069B62C8EA}"
EndProject
Project("{FAE04EC0-301F-11D3-BF4B-00C04F79EFBC}") = "JZ.App.WebHost", "JZ.App.WebHost\JZ.App.WebHost.csproj", "{E2680CCE-A50C-4326-B1CC-1742F78A5527}"
EndProject
Project("{FAE04EC0-301F-11D3-BF4B-00C04F79EFBC}") = "JZ.App.Api", "JZ.App.Api\JZ.App.Api.csproj", "{272DF27D-7661-46E9-BDC6-AD7FAD5EB1EC}"
EndProject
Global
	GlobalSection(SolutionConfigurationPlatforms) = preSolution
		Debug|Any CPU = Debug|Any CPU
		Release|Any CPU = Release|Any CPU
	EndGlobalSection
	GlobalSection(ProjectConfigurationPlatforms) = postSolution
		{DD3F7A82-D288-47C5-A5D3-5FB12AF485BB}.Debug|Any CPU.ActiveCfg = Debug|Any CPU
		{DD3F7A82-D288-47C5-A5D3-5FB12AF485BB}.Debug|Any CPU.Build.0 = Debug|Any CPU
		{DD3F7A82-D288-47C5-A5D3-5FB12AF485BB}.Release|Any CPU.ActiveCfg = Release|Any CPU
		{DD3F7A82-D288-47C5-A5D3-5FB12AF485BB}.Release|Any CPU.Build.0 = Release|Any CPU
		{99060089-D1B1-4138-A374-7C3AB4164430}.Debug|Any CPU.ActiveCfg = Debug|Any CPU
		{99060089-D1B1-4138-A374-7C3AB4164430}.Debug|Any CPU.Build.0 = Debug|Any CPU
		{99060089-D1B1-4138-A374-7C3AB4164430}.Release|Any CPU.ActiveCfg = Release|Any CPU
		{99060089-D1B1-4138-A374-7C3AB4164430}.Release|Any CPU.Build.0 = Release|Any CPU
		{547FE35F-19F4-47C4-8906-B1C12E10E6F6}.Debug|Any CPU.ActiveCfg = Debug|Any CPU
		{547FE35F-19F4-47C4-8906-B1C12E10E6F6}.Debug|Any CPU.Build.0 = Debug|Any CPU
		{547FE35F-19F4-47C4-8906-B1C12E10E6F6}.Release|Any CPU.ActiveCfg = Release|Any CPU
		{547FE35F-19F4-47C4-8906-B1C12E10E6F6}.Release|Any CPU.Build.0 = Release|Any CPU
		{5AE066E2-03EB-4988-8671-AAFF57B0B143}.Debug|Any CPU.ActiveCfg = Debug|Any CPU
		{5AE066E2-03EB-4988-8671-AAFF57B0B143}.Debug|Any CPU.Build.0 = Debug|Any CPU
		{5AE066E2-03EB-4988-8671-AAFF57B0B143}.Release|Any CPU.ActiveCfg = Release|Any CPU
		{5AE066E2-03EB-4988-8671-AAFF57B0B143}.Release|Any CPU.Build.0 = Release|Any CPU
		{657F563F-813F-485A-BEBA-AD079C0D4BBA}.Debug|Any CPU.ActiveCfg = Debug|Any CPU
		{657F563F-813F-485A-BEBA-AD079C0D4BBA}.Debug|Any CPU.Build.0 = Debug|Any CPU
		{657F563F-813F-485A-BEBA-AD079C0D4BBA}.Release|Any CPU.ActiveCfg = Release|Any CPU
		{657F563F-813F-485A-BEBA-AD079C0D4BBA}.Release|Any CPU.Build.0 = Release|Any CPU
		{E2680CCE-A50C-4326-B1CC-1742F78A5527}.Debug|Any CPU.ActiveCfg = Debug|Any CPU
		{E2680CCE-A50C-4326-B1CC-1742F78A5527}.Debug|Any CPU.Build.0 = Debug|Any CPU
		{E2680CCE-A50C-4326-B1CC-1742F78A5527}.Release|Any CPU.ActiveCfg = Release|Any CPU
		{E2680CCE-A50C-4326-B1CC-1742F78A5527}.Release|Any CPU.Build.0 = Release|Any CPU
		{272DF27D-7661-46E9-BDC6-AD7FAD5EB1EC}.Debug|Any CPU.ActiveCfg = Debug|Any CPU
		{272DF27D-7661-46E9-BDC6-AD7FAD5EB1EC}.Debug|Any CPU.Build.0 = Debug|Any CPU
		{272DF27D-7661-46E9-BDC6-AD7FAD5EB1EC}.Release|Any CPU.ActiveCfg = Release|Any CPU
		{272DF27D-7661-46E9-BDC6-AD7FAD5EB1EC}.Release|Any CPU.Build.0 = Release|Any CPU
	EndGlobalSection
	GlobalSection(SolutionProperties) = preSolution
		HideSolutionNode = FALSE
	EndGlobalSection
	GlobalSection(NestedProjects) = preSolution
		{657F563F-813F-485A-BEBA-AD079C0D4BBA} = {35917E57-B29C-4DCE-9074-8039BC91E558}
		{DD3F7A82-D288-47C5-A5D3-5FB12AF485BB} = {C99C8EF8-93BE-4D95-A8B7-A336B78E1C6E}
		{99060089-D1B1-4138-A374-7C3AB4164430} = {63D95477-EB84-479C-8821-C3D1E8B2309E}
		{547FE35F-19F4-47C4-8906-B1C12E10E6F6} = {359A10AE-47ED-4123-B882-C8F896FA9CAE}
		{5AE066E2-03EB-4988-8671-AAFF57B0B143} = {652469EA-31B5-4B14-A565-99AD46AC2FF1}
		{E2680CCE-A50C-4326-B1CC-1742F78A5527} = {D464135B-EB3F-4CA2-B4BE-7D069B62C8EA}
		{272DF27D-7661-46E9-BDC6-AD7FAD5EB1EC} = {D464135B-EB3F-4CA2-B4BE-7D069B62C8EA}
	EndGlobalSection
EndGlobal
